<?xml version="1.0" encoding="utf-8"?>
<Project ToolsVersion="4.0" xmlns="http://schemas.microsoft.com/developer/msbuild/2003">
  <ItemGroup>
    <Filter Include="Uciniti">
      <UniqueIdentifier>{5AAC6E81-C68B-ED1C-CFA3-78F33B02547E}</UniqueIdentifier>
    </Filter>
    <Filter Include="Uciniti\Events">
      <UniqueIdentifier>{FEAE4FEF-EA7C-43F5-D310-B41BBF7D1F5A}</UniqueIdentifier>
    </Filter>
    <Filter Include="Uciniti\Platform">
      <UniqueIdentifier>{EE6D151E-DA66-3470-0399-19F5EFF0137C}</UniqueIdentifier>
    </Filter>
    <Filter Include="Uciniti\Platform\Windows">
      <UniqueIdentifier>{2826F130-144B-40B1-3D96-2541291A3FCF}</UniqueIdentifier>
    </Filter>
  </ItemGroup>
  <ItemGroup>
    <ClInclude Include="src\Uciniti\Events\application_event.h">
      <Filter>Uciniti\Events</Filter>
    </ClInclude>
    <ClInclude Include="src\Uciniti\Events\event.h">
      <Filter>Uciniti\Events</Filter>
    </ClInclude>
    <ClInclude Include="src\Uciniti\Events\key_event.h">
      <Filter>Uciniti\Events</Filter>
    </ClInclude>
    <ClInclude Include="src\Uciniti\Events\mouse_event.h">
      <Filter>Uciniti\Events</Filter>
    </ClInclude>
    <ClInclude Include="src\Uciniti\Platform\Windows\Windows_window.h">
      <Filter>Uciniti\Platform\Windows</Filter>
    </ClInclude>
    <ClInclude Include="src\Uciniti\application.h">
      <Filter>Uciniti</Filter>
    </ClInclude>
    <ClInclude Include="src\Uciniti\core.h">
      <Filter>Uciniti</Filter>
    </ClInclude>
    <ClInclude Include="src\Uciniti\entry_point.h">
      <Filter>Uciniti</Filter>
    </ClInclude>
    <ClInclude Include="src\Uciniti\log.h">
      <Filter>Uciniti</Filter>
    </ClInclude>
    <ClInclude Include="src\Uciniti\window.h">
      <Filter>Uciniti</Filter>
    </ClInclude>
    <ClInclude Include="src\uciniti.h" />
    <ClInclude Include="src\uvkpch.h" />
  </ItemGroup>
  <ItemGroup>
    <ClCompile Include="src\Uciniti\Platform\Windows\Windows_window.cpp">
      <Filter>Uciniti\Platform\Windows</Filter>
    </ClCompile>
    <ClCompile Include="src\Uciniti\application.cpp">
      <Filter>Uciniti</Filter>
    </ClCompile>
    <ClCompile Include="src\Uciniti\log.cpp">
      <Filter>Uciniti</Filter>
    </ClCompile>
    <ClCompile Include="src\uvkpch.cpp" />
  </ItemGroup>
</Project>